// !$*UTF8*$!
{
	archiveVersion = 1;
	classes = {
	};
	objectVersion = 50;
	objects = {

/* Begin PBXBuildFile section */
		C3AFED2F25D66C53003B60EB /* ToDoMacApp.swift in Sources */ = {isa = PBXBuildFile; fileRef = C3AFED1C25D66C52003B60EB /* ToDoMacApp.swift */; };
		C3AFED3025D66C53003B60EB /* ToDoMacApp.swift in Sources */ = {isa = PBXBuildFile; fileRef = C3AFED1C25D66C52003B60EB /* ToDoMacApp.swift */; };
		C3AFED3125D66C53003B60EB /* ContentView.swift in Sources */ = {isa = PBXBuildFile; fileRef = C3AFED1D25D66C52003B60EB /* ContentView.swift */; };
		C3AFED3225D66C53003B60EB /* ContentView.swift in Sources */ = {isa = PBXBuildFile; fileRef = C3AFED1D25D66C52003B60EB /* ContentView.swift */; };
		C3AFED3325D66C53003B60EB /* Assets.xcassets in Resources */ = {isa = PBXBuildFile; fileRef = C3AFED1E25D66C53003B60EB /* Assets.xcassets */; };
		C3AFED3425D66C53003B60EB /* Assets.xcassets in Resources */ = {isa = PBXBuildFile; fileRef = C3AFED1E25D66C53003B60EB /* Assets.xcassets */; };
/* End PBXBuildFile section */

/* Begin PBXFileReference section */
		C3AFED1C25D66C52003B60EB /* ToDoMacApp.swift */ = {isa = PBXFileReference; lastKnownFileType = sourcecode.swift; path = ToDoMacApp.swift; sourceTree = "<group>"; };
		C3AFED1D25D66C52003B60EB /* ContentView.swift */ = {isa = PBXFileReference; lastKnownFileType = sourcecode.swift; path = ContentView.swift; sourceTree = "<group>"; };
		C3AFED1E25D66C53003B60EB /* Assets.xcassets */ = {isa = PBXFileReference; lastKnownFileType = folder.assetcatalog; path = Assets.xcassets; sourceTree = "<group>"; };
		C3AFED2325D66C53003B60EB /* ToDoMac.app */ = {isa = PBXFileReference; explicitFileType = wrapper.application; includeInIndex = 0; path = ToDoMac.app; sourceTree = BUILT_PRODUCTS_DIR; };
		C3AFED2625D66C53003B60EB /* Info.plist */ = {isa = PBXFileReference; lastKnownFileType = text.plist.xml; path = Info.plist; sourceTree = "<group>"; };
		C3AFED2B25D66C53003B60EB /* ToDoMac.app */ = {isa = PBXFileReference; explicitFileType = wrapper.application; includeInIndex = 0; path = ToDoMac.app; sourceTree = BUILT_PRODUCTS_DIR; };
		C3AFED2D25D66C53003B60EB /* Info.plist */ = {isa = PBXFileReference; lastKnownFileType = text.plist.xml; path = Info.plist; sourceTree = "<group>"; };
		C3AFED2E25D66C53003B60EB /* macOS.entitlements */ = {isa = PBXFileReference; lastKnownFileType = text.plist.entitlements; path = macOS.entitlements; sourceTree = "<group>"; };
/* End PBXFileReference section */

/* Begin PBXFrameworksBuildPhase section */
		C3AFED2025D66C53003B60EB /* Frameworks */ = {
			isa = PBXFrameworksBuildPhase;
			buildActionMask = 2147483647;
			files = (
			);
			runOnlyForDeploymentPostprocessing = 0;
		};
		C3AFED2825D66C53003B60EB /* Frameworks */ = {
			isa = PBXFrameworksBuildPhase;
			buildActionMask = 2147483647;
			files = (
			);
			runOnlyForDeploymentPostprocessing = 0;
		};
/* End PBXFrameworksBuildPhase section */

/* Begin PBXGroup section */
		C3AFED1625D66C52003B60EB = {
			isa = PBXGroup;
			children = (
				C3AFED1B25D66C52003B60EB /* Shared */,
				C3AFED2525D66C53003B60EB /* iOS */,
				C3AFED2C25D66C53003B60EB /* macOS */,
				C3AFED2425D66C53003B60EB /* Products */,
			);
			sourceTree = "<group>";
		};
		C3AFED1B25D66C52003B60EB /* Shared */ = {
			isa = PBXGroup;
			children = (
				C3AFED1C25D66C52003B60EB /* ToDoMacApp.swift */,
				C3AFED1D25D66C52003B60EB /* ContentView.swift */,
				C3AFED1E25D66C53003B60EB /* Assets.xcassets */,
			);
			path = Shared;
			sourceTree = "<group>";
		};
		C3AFED2425D66C53003B60EB /* Products */ = {
			isa = PBXGroup;
			children = (
				C3AFED2325D66C53003B60EB /* ToDoMac.app */,
				C3AFED2B25D66C53003B60EB /* ToDoMac.app */,
			);
			name = Products;
			sourceTree = "<group>";
		};
		C3AFED2525D66C53003B60EB /* iOS */ = {
			isa = PBXGroup;
			children = (
				C3AFED2625D66C53003B60EB /* Info.plist */,
			);
			path = iOS;
			sourceTree = "<group>";
		};
		C3AFED2C25D66C53003B60EB /* macOS */ = {
			isa = PBXGroup;
			children = (
				C3AFED2D25D66C53003B60EB /* Info.plist */,
				C3AFED2E25D66C53003B60EB /* macOS.entitlements */,
			);
			path = macOS;
			sourceTree = "<group>";
		};
/* End PBXGroup section */

/* Begin PBXNativeTarget section */
		C3AFED2225D66C53003B60EB /* ToDoMac (iOS) */ = {
			isa = PBXNativeTarget;
			buildConfigurationList = C3AFED3725D66C53003B60EB /* Build configuration list for PBXNativeTarget "ToDoMac (iOS)" */;
			buildPhases = (
				C3AFED1F25D66C53003B60EB /* Sources */,
				C3AFED2025D66C53003B60EB /* Frameworks */,
				C3AFED2125D66C53003B60EB /* Resources */,
			);
			buildRules = (
			);
			dependencies = (
			);
			name = "ToDoMac (iOS)";
			productName = "ToDoMac (iOS)";
			productReference = C3AFED2325D66C53003B60EB /* ToDoMac.app */;
			productType = "com.apple.product-type.application";
		};
		C3AFED2A25D66C53003B60EB /* ToDoMac (macOS) */ = {
			isa = PBXNativeTarget;
			buildConfigurationList = C3AFED3A25D66C53003B60EB /* Build configuration list for PBXNativeTarget "ToDoMac (macOS)" */;
			buildPhases = (
				C3AFED2725D66C53003B60EB /* Sources */,
				C3AFED2825D66C53003B60EB /* Frameworks */,
				C3AFED2925D66C53003B60EB /* Resources */,
			);
			buildRules = (
			);
			dependencies = (
			);
			name = "ToDoMac (macOS)";
			productName = "ToDoMac (macOS)";
			productReference = C3AFED2B25D66C53003B60EB /* ToDoMac.app */;
			productType = "com.apple.product-type.application";
		};
/* End PBXNativeTarget section */

/* Begin PBXProject section */
		C3AFED1725D66C52003B60EB /* Project object */ = {
			isa = PBXProject;
			attributes = {
				LastSwiftUpdateCheck = 1240;
				LastUpgradeCheck = 1240;
				TargetAttributes = {
					C3AFED2225D66C53003B60EB = {
						CreatedOnToolsVersion = 12.4;
					};
					C3AFED2A25D66C53003B60EB = {
						CreatedOnToolsVersion = 12.4;
					};
				};
			};
			buildConfigurationList = C3AFED1A25D66C52003B60EB /* Build configuration list for PBXProject "ToDoMac" */;
			compatibilityVersion = "Xcode 9.3";
			developmentRegion = en;
			hasScannedForEncodings = 0;
			knownRegions = (
				en,
				Base,
			);
			mainGroup = C3AFED1625D66C52003B60EB;
			productRefGroup = C3AFED2425D66C53003B60EB /* Products */;
			projectDirPath = "";
			projectRoot = "";
			targets = (
				C3AFED2225D66C53003B60EB /* ToDoMac (iOS) */,
				C3AFED2A25D66C53003B60EB /* ToDoMac (macOS) */,
			);
		};
/* End PBXProject section */

/* Begin PBXResourcesBuildPhase section */
		C3AFED2125D66C53003B60EB /* Resources */ = {
			isa = PBXResourcesBuildPhase;
			buildActionMask = 2147483647;
			files = (
				C3AFED3325D66C53003B60EB /* Assets.xcassets in Resources */,
			);
			runOnlyForDeploymentPostprocessing = 0;
		};
		C3AFED2925D66C53003B60EB /* Resources */ = {
			isa = PBXResourcesBuildPhase;
			buildActionMask = 2147483647;
			files = (
				C3AFED3425D66C53003B60EB /* Assets.xcassets in Resources */,
			);
			runOnlyForDeploymentPostprocessing = 0;
		};
/* End PBXResourcesBuildPhase section */

/* Begin PBXSourcesBuildPhase section */
		C3AFED1F25D66C53003B60EB /* Sources */ = {
			isa = PBXSourcesBuildPhase;
			buildActionMask = 2147483647;
			files = (
				C3AFED3125D66C53003B60EB /* ContentView.swift in Sources */,
				C3AFED2F25D66C53003B60EB /* ToDoMacApp.swift in Sources */,
			);
			runOnlyForDeploymentPostprocessing = 0;
		};
		C3AFED2725D66C53003B60EB /* Sources */ = {
			isa = PBXSourcesBuildPhase;
			buildActionMask = 2147483647;
			files = (
				C3AFED3225D66C53003B60EB /* ContentView.swift in Sources */,
				C3AFED3025D66C53003B60EB /* ToDoMacApp.swift in Sources */,
			);
			runOnlyForDeploymentPostprocessing = 0;
		};
/* End PBXSourcesBuildPhase section */

/* Begin XCBuildConfiguration section */
		C3AFED3525D66C53003B60EB /* Debug */ = {
			isa = XCBuildConfiguration;
			buildSettings = {
				ALWAYS_SEARCH_USER_PATHS = NO;
				CLANG_ANALYZER_NONNULL = YES;
				CLANG_ANALYZER_NUMBER_OBJECT_CONVERSION = YES_AGGRESSIVE;
				CLANG_CXX_LANGUAGE_STANDARD = "gnu++14";
				CLANG_CXX_LIBRARY = "libc++";
				CLANG_ENABLE_MODULES = YES;
				CLANG_ENABLE_OBJC_ARC = YES;
				CLANG_ENABLE_OBJC_WEAK = YES;
				CLANG_WARN_BLOCK_CAPTURE_AUTORELEASING = YES;
				CLANG_WARN_BOOL_CONVERSION = YES;
				CLANG_WARN_COMMA = YES;
				CLANG_WARN_CONSTANT_CONVERSION = YES;
				CLANG_WARN_DEPRECATED_OBJC_IMPLEMENTATIONS = YES;
				CLANG_WARN_DIRECT_OBJC_ISA_USAGE = YES_ERROR;
				CLANG_WARN_DOCUMENTATION_COMMENTS = YES;
				CLANG_WARN_EMPTY_BODY = YES;
				CLANG_WARN_ENUM_CONVERSION = YES;
				CLANG_WARN_INFINITE_RECURSION = YES;
				CLANG_WARN_INT_CONVERSION = YES;
				CLANG_WARN_NON_LITERAL_NULL_CONVERSION = YES;
				CLANG_WARN_OBJC_IMPLICIT_RETAIN_SELF = YES;
				CLANG_WARN_OBJC_LITERAL_CONVERSION = YES;
				CLANG_WARN_OBJC_ROOT_CLASS = YES_ERROR;
				CLANG_WARN_QUOTED_INCLUDE_IN_FRAMEWORK_HEADER = YES;
				CLANG_WARN_RANGE_LOOP_ANALYSIS = YES;
				CLANG_WARN_STRICT_PROTOTYPES = YES;
				CLANG_WARN_SUSPICIOUS_MOVE = YES;
				CLANG_WARN_UNGUARDED_AVAILABILITY = YES_AGGRESSIVE;
				CLANG_WARN_UNREACHABLE_CODE = YES;
				CLANG_WARN__DUPLICATE_METHOD_MATCH = YES;
				COPY_PHASE_STRIP = NO;
				DEBUG_INFORMATION_FORMAT = dwarf;
				ENABLE_STRICT_OBJC_MSGSEND = YES;
				ENABLE_TESTABILITY = YES;
				GCC_C_LANGUAGE_STANDARD = gnu11;
				GCC_DYNAMIC_NO_PIC = NO;
				GCC_NO_COMMON_BLOCKS = YES;
				GCC_OPTIMIZATION_LEVEL = 0;
				GCC_PREPROCESSOR_DEFINITIONS = (
					"DEBUG=1",
					"$(inherited)",
				);
				GCC_WARN_64_TO_32_BIT_CONVERSION = YES;
				GCC_WARN_ABOUT_RETURN_TYPE = YES_ERROR;
				GCC_WARN_UNDECLARED_SELECTOR = YES;
				GCC_WARN_UNINITIALIZED_AUTOS = YES_AGGRESSIVE;
				GCC_WARN_UNUSED_FUNCTION = YES;
				GCC_WARN_UNUSED_VARIABLE = YES;
				MTL_ENABLE_DEBUG_INFO = INCLUDE_SOURCE;
				MTL_FAST_MATH = YES;
				ONLY_ACTIVE_ARCH = YES;
				SWIFT_ACTIVE_COMPILATION_CONDITIONS = DEBUG;
				SWIFT_OPTIMIZATION_LEVEL = "-Onone";
			};
			name = Debug;
		};
		C3AFED3625D66C53003B60EB /* Release */ = {
			isa = XCBuildConfiguration;
			buildSettings = {
				ALWAYS_SEARCH_USER_PATHS = NO;
				CLANG_ANALYZER_NONNULL = YES;
				CLANG_ANALYZER_NUMBER_OBJECT_CONVERSION = YES_AGGRESSIVE;
				CLANG_CXX_LANGUAGE_STANDARD = "gnu++14";
				CLANG_CXX_LIBRARY = "libc++";
				CLANG_ENABLE_MODULES = YES;
				CLANG_ENABLE_OBJC_ARC = YES;
				CLANG_ENABLE_OBJC_WEAK = YES;
				CLANG_WARN_BLOCK_CAPTURE_AUTORELEASING = YES;
				CLANG_WARN_BOOL_CONVERSION = YES;
				CLANG_WARN_COMMA = YES;
				CLANG_WARN_CONSTANT_CONVERSION = YES;
				CLANG_WARN_DEPRECATED_OBJC_IMPLEMENTATIONS = YES;
				CLANG_WARN_DIRECT_OBJC_ISA_USAGE = YES_ERROR;
				CLANG_WARN_DOCUMENTATION_COMMENTS = YES;
				CLANG_WARN_EMPTY_BODY = YES;
				CLANG_WARN_ENUM_CONVERSION = YES;
				CLANG_WARN_INFINITE_RECURSION = YES;
				CLANG_WARN_INT_CONVERSION = YES;
				CLANG_WARN_NON_LITERAL_NULL_CONVERSION = YES;
				CLANG_WARN_OBJC_IMPLICIT_RETAIN_SELF = YES;
				CLANG_WARN_OBJC_LITERAL_CONVERSION = YES;
				CLANG_WARN_OBJC_ROOT_CLASS = YES_ERROR;
				CLANG_WARN_QUOTED_INCLUDE_IN_FRAMEWORK_HEADER = YES;
				CLANG_WARN_RANGE_LOOP_ANALYSIS = YES;
				CLANG_WARN_STRICT_PROTOTYPES = YES;
				CLANG_WARN_SUSPICIOUS_MOVE = YES;
				CLANG_WARN_UNGUARDED_AVAILABILITY = YES_AGGRESSIVE;
				CLANG_WARN_UNREACHABLE_CODE = YES;
				CLANG_WARN__DUPLICATE_METHOD_MATCH = YES;
				COPY_PHASE_STRIP = NO;
				DEBUG_INFORMATION_FORMAT = "dwarf-with-dsym";
				ENABLE_NS_ASSERTIONS = NO;
				ENABLE_STRICT_OBJC_MSGSEND = YES;
				GCC_C_LANGUAGE_STANDARD = gnu11;
				GCC_NO_COMMON_BLOCKS = YES;
				GCC_WARN_64_TO_32_BIT_CONVERSION = YES;
				GCC_WARN_ABOUT_RETURN_TYPE = YES_ERROR;
				GCC_WARN_UNDECLARED_SELECTOR = YES;
				GCC_WARN_UNINITIALIZED_AUTOS = YES_AGGRESSIVE;
				GCC_WARN_UNUSED_FUNCTION = YES;
				GCC_WARN_UNUSED_VARIABLE = YES;
				MTL_ENABLE_DEBUG_INFO = NO;
				MTL_FAST_MATH = YES;
				SWIFT_COMPILATION_MODE = wholemodule;
				SWIFT_OPTIMIZATION_LEVEL = "-O";
			};
			name = Release;
		};
		C3AFED3825D66C53003B60EB /* Debug */ = {
			isa = XCBuildConfiguration;
			buildSettings = {
				ASSETCATALOG_COMPILER_APPICON_NAME = AppIcon;
				ASSETCATALOG_COMPILER_GLOBAL_ACCENT_COLOR_NAME = AccentColor;
				CODE_SIGN_STYLE = Automatic;
				DEVELOPMENT_TEAM = 5BY5MQ6875;
				ENABLE_PREVIEWS = YES;
				INFOPLIST_FILE = iOS/Info.plist;
				IPHONEOS_DEPLOYMENT_TARGET = 14.0;
				LD_RUNPATH_SEARCH_PATHS = (
					"$(inherited)",
					"@executable_path/Frameworks",
				);
				PRODUCT_BUNDLE_IDENTIFIER = com.milkyo.ToDoMac;
				PRODUCT_NAME = ToDoMac;
				SDKROOT = iphoneos;
				SWIFT_VERSION = 5.0;
				TARGETED_DEVICE_FAMILY = "1,2";
			};
			name = Debug;
		};
		C3AFED3925D66C53003B60EB /* Release */ = {
			isa = XCBuildConfiguration;
			buildSettings = {
				ASSETCATALOG_COMPILER_APPICON_NAME = AppIcon;
				ASSETCATALOG_COMPILER_GLOBAL_ACCENT_COLOR_NAME = AccentColor;
				CODE_SIGN_STYLE = Automatic;
				DEVELOPMENT_TEAM = 5BY5MQ6875;
				ENABLE_PREVIEWS = YES;
				INFOPLIST_FILE = iOS/Info.plist;
				IPHONEOS_DEPLOYMENT_TARGET = 14.0;
				LD_RUNPATH_SEARCH_PATHS = (
					"$(inherited)",
					"@executable_path/Frameworks",
				);
				PRODUCT_BUNDLE_IDENTIFIER = com.milkyo.ToDoMac;
				PRODUCT_NAME = ToDoMac;
				SDKROOT = iphoneos;
				SWIFT_VERSION = 5.0;
				TARGETED_DEVICE_FAMILY = "1,2";
				VALIDATE_PRODUCT = YES;
			};
			name = Release;
		};
		C3AFED3B25D66C53003B60EB /* Debug */ = {
			isa = XCBuildConfiguration;
			buildSettings = {
				ASSETCATALOG_COMPILER_APPICON_NAME = AppIcon;
				ASSETCATALOG_COMPILER_GLOBAL_ACCENT_COLOR_NAME = AccentColor;
				CODE_SIGN_ENTITLEMENTS = macOS/macOS.entitlements;
				CODE_SIGN_STYLE = Automatic;
				COMBINE_HIDPI_IMAGES = YES;
				DEVELOPMENT_TEAM = 5BY5MQ6875;
				ENABLE_HARDENED_RUNTIME = YES;
				ENABLE_PREVIEWS = YES;
				INFOPLIST_FILE = macOS/Info.plist;
				LD_RUNPATH_SEARCH_PATHS = (
					"$(inherited)",
					"@executable_path/../Frameworks",
				);
				MACOSX_DEPLOYMENT_TARGET = 11.0;
				PRODUCT_BUNDLE_IDENTIFIER = com.milkyo.ToDoMac;
				PRODUCT_NAME = ToDoMac;
				SDKROOT = macosx;
				SWIFT_VERSION = 5.0;
			};
			name = Debug;
		};
		C3AFED3C25D66C53003B60EB /* Release */ = {
			isa = XCBuildConfiguration;
			buildSettings = {
				ASSETCATALOG_COMPILER_APPICON_NAME = AppIcon;
				ASSETCATALOG_COMPILER_GLOBAL_ACCENT_COLOR_NAME = AccentColor;
				CODE_SIGN_ENTITLEMENTS = macOS/macOS.entitlements;
				CODE_SIGN_STYLE = Automatic;
				COMBINE_HIDPI_IMAGES = YES;
				DEVELOPMENT_TEAM = 5BY5MQ6875;
				ENABLE_HARDENED_RUNTIME = YES;
				ENABLE_PREVIEWS = YES;
				INFOPLIST_FILE = macOS/Info.plist;
				LD_RUNPATH_SEARCH_PATHS = (
					"$(inherited)",
					"@executable_path/../Frameworks",
				);
				MACOSX_DEPLOYMENT_TARGET = 11.0;
				PRODUCT_BUNDLE_IDENTIFIER = com.milkyo.ToDoMac;
				PRODUCT_NAME = ToDoMac;
				SDKROOT = macosx;
				SWIFT_VERSION = 5.0;
			};
			name = Release;
		};
/* End XCBuildConfiguration section */

/* Begin XCConfigurationList section */
		C3AFED1A25D66C52003B60EB /* Build configuration list for PBXProject "ToDoMac" */ = {
			isa = XCConfigurationList;
			buildConfigurations = (
				C3AFED3525D66C53003B60EB /* Debug */,
				C3AFED3625D66C53003B60EB /* Release */,
			);
			defaultConfigurationIsVisible = 0;
			defaultConfigurationName = Release;
		};
		C3AFED3725D66C53003B60EB /* Build configuration list for PBXNativeTarget "ToDoMac (iOS)" */ = {
			isa = XCConfigurationList;
			buildConfigurations = (
				C3AFED3825D66C53003B60EB /* Debug */,
				C3AFED3925D66C53003B60EB /* Release */,
			);
			defaultConfigurationIsVisible = 0;
			defaultConfigurationName = Release;
		};
		C3AFED3A25D66C53003B60EB /* Build configuration list for PBXNativeTarget "ToDoMac (macOS)" */ = {
			isa = XCConfigurationList;
			buildConfigurations = (
				C3AFED3B25D66C53003B60EB /* Debug */,
				C3AFED3C25D66C53003B60EB /* Release */,
			);
			defaultConfigurationIsVisible = 0;
			defaultConfigurationName = Release;
		};
/* End XCConfigurationList section */
	};
	rootObject = C3AFED1725D66C52003B60EB /* Project object */;
}
